// !$*UTF8*$!
{
	archiveVersion = 1;
	classes = {
	};
	objectVersion = 56;
	objects = {

/* Begin PBXBuildFile section */
		078505E02CDE737300909A4E /* FactoryPatternDemoApp.swift in Sources */ = {isa = PBXBuildFile; fileRef = 078505DF2CDE737300909A4E /* FactoryPatternDemoApp.swift */; };
		078505E22CDE737300909A4E /* ContentView.swift in Sources */ = {isa = PBXBuildFile; fileRef = 078505E12CDE737300909A4E /* ContentView.swift */; };
		078505E42CDE737700909A4E /* Assets.xcassets in Resources */ = {isa = PBXBuildFile; fileRef = 078505E32CDE737700909A4E /* Assets.xcassets */; };
		078505E72CDE737700909A4E /* Preview Assets.xcassets in Resources */ = {isa = PBXBuildFile; fileRef = 078505E62CDE737700909A4E /* Preview Assets.xcassets */; };
		078505EE2CDE73F200909A4E /* EnvironmentEnum.swift in Sources */ = {isa = PBXBuildFile; fileRef = 078505ED2CDE73F200909A4E /* EnvironmentEnum.swift */; };
		078505F02CDE758B00909A4E /* ApiConfiguration.swift in Sources */ = {isa = PBXBuildFile; fileRef = 078505EF2CDE758B00909A4E /* ApiConfiguration.swift */; };
		078505F22CDE7A8000909A4E /* EnvironmentConfiguration.swift in Sources */ = {isa = PBXBuildFile; fileRef = 078505F12CDE7A7F00909A4E /* EnvironmentConfiguration.swift */; };
		078505F42CDE7D5E00909A4E /* ApiConfigurationFactory.swift in Sources */ = {isa = PBXBuildFile; fileRef = 078505F32CDE7D5E00909A4E /* ApiConfigurationFactory.swift */; };
		078505F62CDE7F0D00909A4E /* Environmentview.swift in Sources */ = {isa = PBXBuildFile; fileRef = 078505F52CDE7F0D00909A4E /* Environmentview.swift */; };
/* End PBXBuildFile section */

/* Begin PBXFileReference section */
		078505DC2CDE737300909A4E /* FactoryPatternDemo.app */ = {isa = PBXFileReference; explicitFileType = wrapper.application; includeInIndex = 0; path = FactoryPatternDemo.app; sourceTree = BUILT_PRODUCTS_DIR; };
		078505DF2CDE737300909A4E /* FactoryPatternDemoApp.swift */ = {isa = PBXFileReference; lastKnownFileType = sourcecode.swift; path = FactoryPatternDemoApp.swift; sourceTree = "<group>"; };
		078505E12CDE737300909A4E /* ContentView.swift */ = {isa = PBXFileReference; lastKnownFileType = sourcecode.swift; path = ContentView.swift; sourceTree = "<group>"; };
		078505E32CDE737700909A4E /* Assets.xcassets */ = {isa = PBXFileReference; lastKnownFileType = folder.assetcatalog; path = Assets.xcassets; sourceTree = "<group>"; };
		078505E62CDE737700909A4E /* Preview Assets.xcassets */ = {isa = PBXFileReference; lastKnownFileType = folder.assetcatalog; path = "Preview Assets.xcassets"; sourceTree = "<group>"; };
		078505ED2CDE73F200909A4E /* EnvironmentEnum.swift */ = {isa = PBXFileReference; lastKnownFileType = sourcecode.swift; path = EnvironmentEnum.swift; sourceTree = "<group>"; };
		078505EF2CDE758B00909A4E /* ApiConfiguration.swift */ = {isa = PBXFileReference; lastKnownFileType = sourcecode.swift; path = ApiConfiguration.swift; sourceTree = "<group>"; };
		078505F12CDE7A7F00909A4E /* EnvironmentConfiguration.swift */ = {isa = PBXFileReference; lastKnownFileType = sourcecode.swift; path = EnvironmentConfiguration.swift; sourceTree = "<group>"; };
		078505F32CDE7D5E00909A4E /* ApiConfigurationFactory.swift */ = {isa = PBXFileReference; lastKnownFileType = sourcecode.swift; path = ApiConfigurationFactory.swift; sourceTree = "<group>"; };
		078505F52CDE7F0D00909A4E /* Environmentview.swift */ = {isa = PBXFileReference; lastKnownFileType = sourcecode.swift; path = Environmentview.swift; sourceTree = "<group>"; };
/* End PBXFileReference section */

/* Begin PBXFrameworksBuildPhase section */
		078505D92CDE737300909A4E /* Frameworks */ = {
			isa = PBXFrameworksBuildPhase;
			buildActionMask = 2147483647;
			files = (
			);
			runOnlyForDeploymentPostprocessing = 0;
		};
/* End PBXFrameworksBuildPhase section */

/* Begin PBXGroup section */
		078505D32CDE737300909A4E = {
			isa = PBXGroup;
			children = (
				078505DE2CDE737300909A4E /* FactoryPatternDemo */,
				078505DD2CDE737300909A4E /* Products */,
			);
			sourceTree = "<group>";
		};
		078505DD2CDE737300909A4E /* Products */ = {
			isa = PBXGroup;
			children = (
				078505DC2CDE737300909A4E /* FactoryPatternDemo.app */,
			);
			name = Products;
			sourceTree = "<group>";
		};
		078505DE2CDE737300909A4E /* FactoryPatternDemo */ = {
			isa = PBXGroup;
			children = (
				078505F52CDE7F0D00909A4E /* Environmentview.swift */,
				078505EF2CDE758B00909A4E /* ApiConfiguration.swift */,
				078505F32CDE7D5E00909A4E /* ApiConfigurationFactory.swift */,
				078505F12CDE7A7F00909A4E /* EnvironmentConfiguration.swift */,
				078505ED2CDE73F200909A4E /* EnvironmentEnum.swift */,
				078505DF2CDE737300909A4E /* FactoryPatternDemoApp.swift */,
				078505E12CDE737300909A4E /* ContentView.swift */,
				078505E32CDE737700909A4E /* Assets.xcassets */,
				078505E52CDE737700909A4E /* Preview Content */,
			);
			path = FactoryPatternDemo;
			sourceTree = "<group>";
		};
		078505E52CDE737700909A4E /* Preview Content */ = {
			isa = PBXGroup;
			children = (
				078505E62CDE737700909A4E /* Preview Assets.xcassets */,
			);
			path = "Preview Content";
			sourceTree = "<group>";
		};
/* End PBXGroup section */

/* Begin PBXNativeTarget section */
		078505DB2CDE737300909A4E /* FactoryPatternDemo */ = {
			isa = PBXNativeTarget;
			buildConfigurationList = 078505EA2CDE737700909A4E /* Build configuration list for PBXNativeTarget "FactoryPatternDemo" */;
			buildPhases = (
				078505D82CDE737300909A4E /* Sources */,
				078505D92CDE737300909A4E /* Frameworks */,
				078505DA2CDE737300909A4E /* Resources */,
			);
			buildRules = (
			);
			dependencies = (
			);
			name = FactoryPatternDemo;
			productName = FactoryPatternDemo;
			productReference = 078505DC2CDE737300909A4E /* FactoryPatternDemo.app */;
			productType = "com.apple.product-type.application";
		};
/* End PBXNativeTarget section */

/* Begin PBXProject section */
		078505D42CDE737300909A4E /* Project object */ = {
			isa = PBXProject;
			attributes = {
				BuildIndependentTargetsInParallel = 1;
				LastSwiftUpdateCheck = 1540;
				LastUpgradeCheck = 1540;
				TargetAttributes = {
					078505DB2CDE737300909A4E = {
						CreatedOnToolsVersion = 15.4;
					};
				};
			};
			buildConfigurationList = 078505D72CDE737300909A4E /* Build configuration list for PBXProject "FactoryPatternDemo" */;
			compatibilityVersion = "Xcode 14.0";
			developmentRegion = en;
			hasScannedForEncodings = 0;
			knownRegions = (
				en,
				Base,
			);
			mainGroup = 078505D32CDE737300909A4E;
			productRefGroup = 078505DD2CDE737300909A4E /* Products */;
			projectDirPath = "";
			projectRoot = "";
			targets = (
				078505DB2CDE737300909A4E /* FactoryPatternDemo */,
			);
		};
/* End PBXProject section */

/* Begin PBXResourcesBuildPhase section */
		078505DA2CDE737300909A4E /* Resources */ = {
			isa = PBXResourcesBuildPhase;
			buildActionMask = 2147483647;
			files = (
				078505E72CDE737700909A4E /* Preview Assets.xcassets in Resources */,
				078505E42CDE737700909A4E /* Assets.xcassets in Resources */,
			);
			runOnlyForDeploymentPostprocessing = 0;
		};
/* End PBXResourcesBuildPhase section */

/* Begin PBXSourcesBuildPhase section */
		078505D82CDE737300909A4E /* Sources */ = {
			isa = PBXSourcesBuildPhase;
			buildActionMask = 2147483647;
			files = (
				078505E22CDE737300909A4E /* ContentView.swift in Sources */,
				078505F22CDE7A8000909A4E /* EnvironmentConfiguration.swift in Sources */,
				078505EE2CDE73F200909A4E /* EnvironmentEnum.swift in Sources */,
				078505E02CDE737300909A4E /* FactoryPatternDemoApp.swift in Sources */,
				078505F62CDE7F0D00909A4E /* Environmentview.swift in Sources */,
				078505F42CDE7D5E00909A4E /* ApiConfigurationFactory.swift in Sources */,
				078505F02CDE758B00909A4E /* ApiConfiguration.swift in Sources */,
			);
			runOnlyForDeploymentPostprocessing = 0;
		};
/* End PBXSourcesBuildPhase section */

/* Begin XCBuildConfiguration section */
		078505E82CDE737700909A4E /* Debug */ = {
			isa = XCBuildConfiguration;
			buildSettings = {
				ALWAYS_SEARCH_USER_PATHS = NO;
				ASSETCATALOG_COMPILER_GENERATE_SWIFT_ASSET_SYMBOL_EXTENSIONS = YES;
				CLANG_ANALYZER_NONNULL = YES;
				CLANG_ANALYZER_NUMBER_OBJECT_CONVERSION = YES_AGGRESSIVE;
				CLANG_CXX_LANGUAGE_STANDARD = "gnu++20";
				CLANG_ENABLE_MODULES = YES;
				CLANG_ENABLE_OBJC_ARC = YES;
				CLANG_ENABLE_OBJC_WEAK = YES;
				CLANG_WARN_BLOCK_CAPTURE_AUTORELEASING = YES;
				CLANG_WARN_BOOL_CONVERSION = YES;
				CLANG_WARN_COMMA = YES;
				CLANG_WARN_CONSTANT_CONVERSION = YES;
				CLANG_WARN_DEPRECATED_OBJC_IMPLEMENTATIONS = YES;
				CLANG_WARN_DIRECT_OBJC_ISA_USAGE = YES_ERROR;
				CLANG_WARN_DOCUMENTATION_COMMENTS = YES;
				CLANG_WARN_EMPTY_BODY = YES;
				CLANG_WARN_ENUM_CONVERSION = YES;
				CLANG_WARN_INFINITE_RECURSION = YES;
				CLANG_WARN_INT_CONVERSION = YES;
				CLANG_WARN_NON_LITERAL_NULL_CONVERSION = YES;
				CLANG_WARN_OBJC_IMPLICIT_RETAIN_SELF = YES;
				CLANG_WARN_OBJC_LITERAL_CONVERSION = YES;
				CLANG_WARN_OBJC_ROOT_CLASS = YES_ERROR;
				CLANG_WARN_QUOTED_INCLUDE_IN_FRAMEWORK_HEADER = YES;
				CLANG_WARN_RANGE_LOOP_ANALYSIS = YES;
				CLANG_WARN_STRICT_PROTOTYPES = YES;
				CLANG_WARN_SUSPICIOUS_MOVE = YES;
				CLANG_WARN_UNGUARDED_AVAILABILITY = YES_AGGRESSIVE;
				CLANG_WARN_UNREACHABLE_CODE = YES;
				CLANG_WARN__DUPLICATE_METHOD_MATCH = YES;
				COPY_PHASE_STRIP = NO;
				DEBUG_INFORMATION_FORMAT = dwarf;
				ENABLE_STRICT_OBJC_MSGSEND = YES;
				ENABLE_TESTABILITY = YES;
				ENABLE_USER_SCRIPT_SANDBOXING = YES;
				GCC_C_LANGUAGE_STANDARD = gnu17;
				GCC_DYNAMIC_NO_PIC = NO;
				GCC_NO_COMMON_BLOCKS = YES;
				GCC_OPTIMIZATION_LEVEL = 0;
				GCC_PREPROCESSOR_DEFINITIONS = (
					"DEBUG=1",
					"$(inherited)",
				);
				GCC_WARN_64_TO_32_BIT_CONVERSION = YES;
				GCC_WARN_ABOUT_RETURN_TYPE = YES_ERROR;
				GCC_WARN_UNDECLARED_SELECTOR = YES;
				GCC_WARN_UNINITIALIZED_AUTOS = YES_AGGRESSIVE;
				GCC_WARN_UNUSED_FUNCTION = YES;
				GCC_WARN_UNUSED_VARIABLE = YES;
				IPHONEOS_DEPLOYMENT_TARGET = 17.5;
				LOCALIZATION_PREFERS_STRING_CATALOGS = YES;
				MTL_ENABLE_DEBUG_INFO = INCLUDE_SOURCE;
				MTL_FAST_MATH = YES;
				ONLY_ACTIVE_ARCH = YES;
				SDKROOT = iphoneos;
				SWIFT_ACTIVE_COMPILATION_CONDITIONS = "DEBUG $(inherited)";
				SWIFT_OPTIMIZATION_LEVEL = "-Onone";
			};
			name = Debug;
		};
		078505E92CDE737700909A4E /* Release */ = {
			isa = XCBuildConfiguration;
			buildSettings = {
				ALWAYS_SEARCH_USER_PATHS = NO;
				ASSETCATALOG_COMPILER_GENERATE_SWIFT_ASSET_SYMBOL_EXTENSIONS = YES;
				CLANG_ANALYZER_NONNULL = YES;
				CLANG_ANALYZER_NUMBER_OBJECT_CONVERSION = YES_AGGRESSIVE;
				CLANG_CXX_LANGUAGE_STANDARD = "gnu++20";
				CLANG_ENABLE_MODULES = YES;
				CLANG_ENABLE_OBJC_ARC = YES;
				CLANG_ENABLE_OBJC_WEAK = YES;
				CLANG_WARN_BLOCK_CAPTURE_AUTORELEASING = YES;
				CLANG_WARN_BOOL_CONVERSION = YES;
				CLANG_WARN_COMMA = YES;
				CLANG_WARN_CONSTANT_CONVERSION = YES;
				CLANG_WARN_DEPRECATED_OBJC_IMPLEMENTATIONS = YES;
				CLANG_WARN_DIRECT_OBJC_ISA_USAGE = YES_ERROR;
				CLANG_WARN_DOCUMENTATION_COMMENTS = YES;
				CLANG_WARN_EMPTY_BODY = YES;
				CLANG_WARN_ENUM_CONVERSION = YES;
				CLANG_WARN_INFINITE_RECURSION = YES;
				CLANG_WARN_INT_CONVERSION = YES;
				CLANG_WARN_NON_LITERAL_NULL_CONVERSION = YES;
				CLANG_WARN_OBJC_IMPLICIT_RETAIN_SELF = YES;
				CLANG_WARN_OBJC_LITERAL_CONVERSION = YES;
				CLANG_WARN_OBJC_ROOT_CLASS = YES_ERROR;
				CLANG_WARN_QUOTED_INCLUDE_IN_FRAMEWORK_HEADER = YES;
				CLANG_WARN_RANGE_LOOP_ANALYSIS = YES;
				CLANG_WARN_STRICT_PROTOTYPES = YES;
				CLANG_WARN_SUSPICIOUS_MOVE = YES;
				CLANG_WARN_UNGUARDED_AVAILABILITY = YES_AGGRESSIVE;
				CLANG_WARN_UNREACHABLE_CODE = YES;
				CLANG_WARN__DUPLICATE_METHOD_MATCH = YES;
				COPY_PHASE_STRIP = NO;
				DEBUG_INFORMATION_FORMAT = "dwarf-with-dsym";
				ENABLE_NS_ASSERTIONS = NO;
				ENABLE_STRICT_OBJC_MSGSEND = YES;
				ENABLE_USER_SCRIPT_SANDBOXING = YES;
				GCC_C_LANGUAGE_STANDARD = gnu17;
				GCC_NO_COMMON_BLOCKS = YES;
				GCC_WARN_64_TO_32_BIT_CONVERSION = YES;
				GCC_WARN_ABOUT_RETURN_TYPE = YES_ERROR;
				GCC_WARN_UNDECLARED_SELECTOR = YES;
				GCC_WARN_UNINITIALIZED_AUTOS = YES_AGGRESSIVE;
				GCC_WARN_UNUSED_FUNCTION = YES;
				GCC_WARN_UNUSED_VARIABLE = YES;
				IPHONEOS_DEPLOYMENT_TARGET = 17.5;
				LOCALIZATION_PREFERS_STRING_CATALOGS = YES;
				MTL_ENABLE_DEBUG_INFO = NO;
				MTL_FAST_MATH = YES;
				SDKROOT = iphoneos;
				SWIFT_COMPILATION_MODE = wholemodule;
				VALIDATE_PRODUCT = YES;
			};
			name = Release;
		};
		078505EB2CDE737700909A4E /* Debug */ = {
			isa = XCBuildConfiguration;
			buildSettings = {
				ASSETCATALOG_COMPILER_APPICON_NAME = AppIcon;
				ASSETCATALOG_COMPILER_GLOBAL_ACCENT_COLOR_NAME = AccentColor;
				CODE_SIGN_STYLE = Automatic;
				CURRENT_PROJECT_VERSION = 1;
				DEVELOPMENT_ASSET_PATHS = "\"FactoryPatternDemo/Preview Content\"";
				ENABLE_PREVIEWS = YES;
				GENERATE_INFOPLIST_FILE = YES;
				INFOPLIST_KEY_UIApplicationSceneManifest_Generation = YES;
				INFOPLIST_KEY_UIApplicationSupportsIndirectInputEvents = YES;
				INFOPLIST_KEY_UILaunchScreen_Generation = YES;
				INFOPLIST_KEY_UISupportedInterfaceOrientations_iPad = "UIInterfaceOrientationPortrait UIInterfaceOrientationPortraitUpsideDown UIInterfaceOrientationLandscapeLeft UIInterfaceOrientationLandscapeRight";
				INFOPLIST_KEY_UISupportedInterfaceOrientations_iPhone = "UIInterfaceOrientationPortrait UIInterfaceOrientationLandscapeLeft UIInterfaceOrientationLandscapeRight";
				LD_RUNPATH_SEARCH_PATHS = (
					"$(inherited)",
					"@executable_path/Frameworks",
				);
				MARKETING_VERSION = 1.0;
				PRODUCT_BUNDLE_IDENTIFIER = "ag-sky.FactoryPatternDemo";
				PRODUCT_NAME = "$(TARGET_NAME)";
				SWIFT_EMIT_LOC_STRINGS = YES;
				SWIFT_VERSION = 5.0;
				TARGETED_DEVICE_FAMILY = "1,2";
			};
			name = Debug;
		};
		078505EC2CDE737700909A4E /* Release */ = {
			isa = XCBuildConfiguration;
			buildSettings = {
				ASSETCATALOG_COMPILER_APPICON_NAME = AppIcon;
				ASSETCATALOG_COMPILER_GLOBAL_ACCENT_COLOR_NAME = AccentColor;
				CODE_SIGN_STYLE = Automatic;
				CURRENT_PROJECT_VERSION = 1;
				DEVELOPMENT_ASSET_PATHS = "\"FactoryPatternDemo/Preview Content\"";
				ENABLE_PREVIEWS = YES;
				GENERATE_INFOPLIST_FILE = YES;
				INFOPLIST_KEY_UIApplicationSceneManifest_Generation = YES;
				INFOPLIST_KEY_UIApplicationSupportsIndirectInputEvents = YES;
				INFOPLIST_KEY_UILaunchScreen_Generation = YES;
				INFOPLIST_KEY_UISupportedInterfaceOrientations_iPad = "UIInterfaceOrientationPortrait UIInterfaceOrientationPortraitUpsideDown UIInterfaceOrientationLandscapeLeft UIInterfaceOrientationLandscapeRight";
				INFOPLIST_KEY_UISupportedInterfaceOrientations_iPhone = "UIInterfaceOrientationPortrait UIInterfaceOrientationLandscapeLeft UIInterfaceOrientationLandscapeRight";
				LD_RUNPATH_SEARCH_PATHS = (
					"$(inherited)",
					"@executable_path/Frameworks",
				);
				MARKETING_VERSION = 1.0;
				PRODUCT_BUNDLE_IDENTIFIER = "ag-sky.FactoryPatternDemo";
				PRODUCT_NAME = "$(TARGET_NAME)";
				SWIFT_EMIT_LOC_STRINGS = YES;
				SWIFT_VERSION = 5.0;
				TARGETED_DEVICE_FAMILY = "1,2";
			};
			name = Release;
		};
/* End XCBuildConfiguration section */

/* Begin XCConfigurationList section */
		078505D72CDE737300909A4E /* Build configuration list for PBXProject "FactoryPatternDemo" */ = {
			isa = XCConfigurationList;
			buildConfigurations = (
				078505E82CDE737700909A4E /* Debug */,
				078505E92CDE737700909A4E /* Release */,
			);
			defaultConfigurationIsVisible = 0;
			defaultConfigurationName = Release;
		};
		078505EA2CDE737700909A4E /* Build configuration list for PBXNativeTarget "FactoryPatternDemo" */ = {
			isa = XCConfigurationList;
			buildConfigurations = (
				078505EB2CDE737700909A4E /* Debug */,
				078505EC2CDE737700909A4E /* Release */,
			);
			defaultConfigurationIsVisible = 0;
			defaultConfigurationName = Release;
		};
/* End XCConfigurationList section */
	};
	rootObject = 078505D42CDE737300909A4E /* Project object */;
}
